
Microsoft Visual Studio Solution File, Format Version 12.00
# Visual Studio Version 16
VisualStudioVersion = 16.0.29806.167
MinimumVisualStudioVersion = 10.0.40219.1
Project("{FAE04EC0-301F-11D3-BF4B-00C04F79EFBC}") = "login.UWP", "login\login.UWP\login.UWP.csproj", "{86855100-8160-42C6-9D45-3F31B3B869F1}"
EndProject
Project("{FAE04EC0-301F-11D3-BF4B-00C04F79EFBC}") = "login.Android", "login\login.Android\login.Android.csproj", "{0CD276D6-7007-4A34-9EAD-4B2B738D1CE2}"
EndProject
Project("{FAE04EC0-301F-11D3-BF4B-00C04F79EFBC}") = "login.iOS", "login\login.iOS\login.iOS.csproj", "{F12CF83C-31E2-492B-98CF-D4F450541B20}"
EndProject
Project("{FAE04EC0-301F-11D3-BF4B-00C04F79EFBC}") = "login", "login\login\login.csproj", "{16F22DD5-200D-4F57-A3A7-F115A5BDB44E}"
EndProject
Global
	GlobalSection(SolutionConfigurationPlatforms) = preSolution
		Debug|Any CPU = Debug|Any CPU
		Debug|ARM = Debug|ARM
		Debug|iPhone = Debug|iPhone
		Debug|iPhoneSimulator = Debug|iPhoneSimulator
		Debug|x64 = Debug|x64
		Debug|x86 = Debug|x86
		Release|Any CPU = Release|Any CPU
		Release|ARM = Release|ARM
		Release|iPhone = Release|iPhone
		Release|iPhoneSimulator = Release|iPhoneSimulator
		Release|x64 = Release|x64
		Release|x86 = Release|x86
	EndGlobalSection
	GlobalSection(ProjectConfigurationPlatforms) = postSolution
		{86855100-8160-42C6-9D45-3F31B3B869F1}.Debug|Any CPU.ActiveCfg = Debug|x86
		{86855100-8160-42C6-9D45-3F31B3B869F1}.Debug|Any CPU.Build.0 = Debug|x86
		{86855100-8160-42C6-9D45-3F31B3B869F1}.Debug|Any CPU.Deploy.0 = Debug|x86
		{86855100-8160-42C6-9D45-3F31B3B869F1}.Debug|ARM.ActiveCfg = Debug|ARM
		{86855100-8160-42C6-9D45-3F31B3B869F1}.Debug|ARM.Build.0 = Debug|ARM
		{86855100-8160-42C6-9D45-3F31B3B869F1}.Debug|ARM.Deploy.0 = Debug|ARM
		{86855100-8160-42C6-9D45-3F31B3B869F1}.Debug|iPhone.ActiveCfg = Debug|x86
		{86855100-8160-42C6-9D45-3F31B3B869F1}.Debug|iPhone.Build.0 = Debug|x86
		{86855100-8160-42C6-9D45-3F31B3B869F1}.Debug|iPhone.Deploy.0 = Debug|x86
		{86855100-8160-42C6-9D45-3F31B3B869F1}.Debug|iPhoneSimulator.ActiveCfg = Debug|x86
		{86855100-8160-42C6-9D45-3F31B3B869F1}.Debug|iPhoneSimulator.Build.0 = Debug|x86
		{86855100-8160-42C6-9D45-3F31B3B869F1}.Debug|iPhoneSimulator.Deploy.0 = Debug|x86
		{86855100-8160-42C6-9D45-3F31B3B869F1}.Debug|x64.ActiveCfg = Debug|x64
		{86855100-8160-42C6-9D45-3F31B3B869F1}.Debug|x64.Build.0 = Debug|x64
		{86855100-8160-42C6-9D45-3F31B3B869F1}.Debug|x64.Deploy.0 = Debug|x64
		{86855100-8160-42C6-9D45-3F31B3B869F1}.Debug|x86.ActiveCfg = Debug|x86
		{86855100-8160-42C6-9D45-3F31B3B869F1}.Debug|x86.Build.0 = Debug|x86
		{86855100-8160-42C6-9D45-3F31B3B869F1}.Debug|x86.Deploy.0 = Debug|x86
		{86855100-8160-42C6-9D45-3F31B3B869F1}.Release|Any CPU.ActiveCfg = Release|x86
		{86855100-8160-42C6-9D45-3F31B3B869F1}.Release|Any CPU.Build.0 = Release|x86
		{86855100-8160-42C6-9D45-3F31B3B869F1}.Release|Any CPU.Deploy.0 = Release|x86
		{86855100-8160-42C6-9D45-3F31B3B869F1}.Release|ARM.ActiveCfg = Release|ARM
		{86855100-8160-42C6-9D45-3F31B3B869F1}.Release|ARM.Build.0 = Release|ARM
		{86855100-8160-42C6-9D45-3F31B3B869F1}.Release|ARM.Deploy.0 = Release|ARM
		{86855100-8160-42C6-9D45-3F31B3B869F1}.Release|iPhone.ActiveCfg = Release|x86
		{86855100-8160-42C6-9D45-3F31B3B869F1}.Release|iPhone.Build.0 = Release|x86
		{86855100-8160-42C6-9D45-3F31B3B869F1}.Release|iPhone.Deploy.0 = Release|x86
		{86855100-8160-42C6-9D45-3F31B3B869F1}.Release|iPhoneSimulator.ActiveCfg = Release|x86
		{86855100-8160-42C6-9D45-3F31B3B869F1}.Release|iPhoneSimulator.Build.0 = Release|x86
		{86855100-8160-42C6-9D45-3F31B3B869F1}.Release|iPhoneSimulator.Deploy.0 = Release|x86
		{86855100-8160-42C6-9D45-3F31B3B869F1}.Release|x64.ActiveCfg = Release|x64
		{86855100-8160-42C6-9D45-3F31B3B869F1}.Release|x64.Build.0 = Release|x64
		{86855100-8160-42C6-9D45-3F31B3B869F1}.Release|x64.Deploy.0 = Release|x64
		{86855100-8160-42C6-9D45-3F31B3B869F1}.Release|x86.ActiveCfg = Release|x86
		{86855100-8160-42C6-9D45-3F31B3B869F1}.Release|x86.Build.0 = Release|x86
		{86855100-8160-42C6-9D45-3F31B3B869F1}.Release|x86.Deploy.0 = Release|x86
		{0CD276D6-7007-4A34-9EAD-4B2B738D1CE2}.Debug|Any CPU.ActiveCfg = Debug|Any CPU
		{0CD276D6-7007-4A34-9EAD-4B2B738D1CE2}.Debug|Any CPU.Build.0 = Debug|Any CPU
		{0CD276D6-7007-4A34-9EAD-4B2B738D1CE2}.Debug|Any CPU.Deploy.0 = Debug|Any CPU
		{0CD276D6-7007-4A34-9EAD-4B2B738D1CE2}.Debug|ARM.ActiveCfg = Debug|Any CPU
		{0CD276D6-7007-4A34-9EAD-4B2B738D1CE2}.Debug|ARM.Build.0 = Debug|Any CPU
		{0CD276D6-7007-4A34-9EAD-4B2B738D1CE2}.Debug|ARM.Deploy.0 = Debug|Any CPU
		{0CD276D6-7007-4A34-9EAD-4B2B738D1CE2}.Debug|iPhone.ActiveCfg = Debug|Any CPU
		{0CD276D6-7007-4A34-9EAD-4B2B738D1CE2}.Debug|iPhone.Build.0 = Debug|Any CPU
		{0CD276D6-7007-4A34-9EAD-4B2B738D1CE2}.Debug|iPhone.Deploy.0 = Debug|Any CPU
		{0CD276D6-7007-4A34-9EAD-4B2B738D1CE2}.Debug|iPhoneSimulator.ActiveCfg = Debug|Any CPU
		{0CD276D6-7007-4A34-9EAD-4B2B738D1CE2}.Debug|iPhoneSimulator.Build.0 = Debug|Any CPU
		{0CD276D6-7007-4A34-9EAD-4B2B738D1CE2}.Debug|iPhoneSimulator.Deploy.0 = Debug|Any CPU
		{0CD276D6-7007-4A34-9EAD-4B2B738D1CE2}.Debug|x64.ActiveCfg = Debug|Any CPU
		{0CD276D6-7007-4A34-9EAD-4B2B738D1CE2}.Debug|x64.Build.0 = Debug|Any CPU
		{0CD276D6-7007-4A34-9EAD-4B2B738D1CE2}.Debug|x64.Deploy.0 = Debug|Any CPU
		{0CD276D6-7007-4A34-9EAD-4B2B738D1CE2}.Debug|x86.ActiveCfg = Debug|Any CPU
		{0CD276D6-7007-4A34-9EAD-4B2B738D1CE2}.Debug|x86.Build.0 = Debug|Any CPU
		{0CD276D6-7007-4A34-9EAD-4B2B738D1CE2}.Debug|x86.Deploy.0 = Debug|Any CPU
		{0CD276D6-7007-4A34-9EAD-4B2B738D1CE2}.Release|Any CPU.ActiveCfg = Release|Any CPU
		{0CD276D6-7007-4A34-9EAD-4B2B738D1CE2}.Release|Any CPU.Build.0 = Release|Any CPU
		{0CD276D6-7007-4A34-9EAD-4B2B738D1CE2}.Release|Any CPU.Deploy.0 = Release|Any CPU
		{0CD276D6-7007-4A34-9EAD-4B2B738D1CE2}.Release|ARM.ActiveCfg = Release|Any CPU
		{0CD276D6-7007-4A34-9EAD-4B2B738D1CE2}.Release|ARM.Build.0 = Release|Any CPU
		{0CD276D6-7007-4A34-9EAD-4B2B738D1CE2}.Release|ARM.Deploy.0 = Release|Any CPU
		{0CD276D6-7007-4A34-9EAD-4B2B738D1CE2}.Release|iPhone.ActiveCfg = Release|Any CPU
		{0CD276D6-7007-4A34-9EAD-4B2B738D1CE2}.Release|iPhone.Build.0 = Release|Any CPU
		{0CD276D6-7007-4A34-9EAD-4B2B738D1CE2}.Release|iPhone.Deploy.0 = Release|Any CPU
		{0CD276D6-7007-4A34-9EAD-4B2B738D1CE2}.Release|iPhoneSimulator.ActiveCfg = Release|Any CPU
		{0CD276D6-7007-4A34-9EAD-4B2B738D1CE2}.Release|iPhoneSimulator.Build.0 = Release|Any CPU
		{0CD276D6-7007-4A34-9EAD-4B2B738D1CE2}.Release|iPhoneSimulator.Deploy.0 = Release|Any CPU
		{0CD276D6-7007-4A34-9EAD-4B2B738D1CE2}.Release|x64.ActiveCfg = Release|Any CPU
		{0CD276D6-7007-4A34-9EAD-4B2B738D1CE2}.Release|x64.Build.0 = Release|Any CPU
		{0CD276D6-7007-4A34-9EAD-4B2B738D1CE2}.Release|x64.Deploy.0 = Release|Any CPU
		{0CD276D6-7007-4A34-9EAD-4B2B738D1CE2}.Release|x86.ActiveCfg = Release|Any CPU
		{0CD276D6-7007-4A34-9EAD-4B2B738D1CE2}.Release|x86.Build.0 = Release|Any CPU
		{0CD276D6-7007-4A34-9EAD-4B2B738D1CE2}.Release|x86.Deploy.0 = Release|Any CPU
		{F12CF83C-31E2-492B-98CF-D4F450541B20}.Debug|Any CPU.ActiveCfg = Debug|iPhone
		{F12CF83C-31E2-492B-98CF-D4F450541B20}.Debug|Any CPU.Build.0 = Debug|iPhone
		{F12CF83C-31E2-492B-98CF-D4F450541B20}.Debug|Any CPU.Deploy.0 = Debug|iPhone
		{F12CF83C-31E2-492B-98CF-D4F450541B20}.Debug|ARM.ActiveCfg = Debug|iPhoneSimulator
		{F12CF83C-31E2-492B-98CF-D4F450541B20}.Debug|ARM.Build.0 = Debug|iPhoneSimulator
		{F12CF83C-31E2-492B-98CF-D4F450541B20}.Debug|ARM.Deploy.0 = Debug|iPhoneSimulator
		{F12CF83C-31E2-492B-98CF-D4F450541B20}.Debug|iPhone.ActiveCfg = Debug|iPhone
		{F12CF83C-31E2-492B-98CF-D4F450541B20}.Debug|iPhone.Build.0 = Debug|iPhone
		{F12CF83C-31E2-492B-98CF-D4F450541B20}.Debug|iPhone.Deploy.0 = Debug|iPhone
		{F12CF83C-31E2-492B-98CF-D4F450541B20}.Debug|iPhoneSimulator.ActiveCfg = Debug|iPhoneSimulator
		{F12CF83C-31E2-492B-98CF-D4F450541B20}.Debug|iPhoneSimulator.Build.0 = Debug|iPhoneSimulator
		{F12CF83C-31E2-492B-98CF-D4F450541B20}.Debug|iPhoneSimulator.Deploy.0 = Debug|iPhoneSimulator
		{F12CF83C-31E2-492B-98CF-D4F450541B20}.Debug|x64.ActiveCfg = Debug|iPhone
		{F12CF83C-31E2-492B-98CF-D4F450541B20}.Debug|x64.Build.0 = Debug|iPhone
		{F12CF83C-31E2-492B-98CF-D4F450541B20}.Debug|x64.Deploy.0 = Debug|iPhone
		{F12CF83C-31E2-492B-98CF-D4F450541B20}.Debug|x86.ActiveCfg = Debug|iPhone
		{F12CF83C-31E2-492B-98CF-D4F450541B20}.Debug|x86.Build.0 = Debug|iPhone
		{F12CF83C-31E2-492B-98CF-D4F450541B20}.Debug|x86.Deploy.0 = Debug|iPhone
		{F12CF83C-31E2-492B-98CF-D4F450541B20}.Release|Any CPU.ActiveCfg = Release|iPhone
		{F12CF83C-31E2-492B-98CF-D4F450541B20}.Release|Any CPU.Build.0 = Release|iPhone
		{F12CF83C-31E2-492B-98CF-D4F450541B20}.Release|Any CPU.Deploy.0 = Release|iPhone
		{F12CF83C-31E2-492B-98CF-D4F450541B20}.Release|ARM.ActiveCfg = Release|iPhone
		{F12CF83C-31E2-492B-98CF-D4F450541B20}.Release|ARM.Build.0 = Release|iPhone
		{F12CF83C-31E2-492B-98CF-D4F450541B20}.Release|ARM.Deploy.0 = Release|iPhone
		{F12CF83C-31E2-492B-98CF-D4F450541B20}.Release|iPhone.ActiveCfg = Release|iPhone
		{F12CF83C-31E2-492B-98CF-D4F450541B20}.Release|iPhone.Build.0 = Release|iPhone
		{F12CF83C-31E2-492B-98CF-D4F450541B20}.Release|iPhone.Deploy.0 = Release|iPhone
		{F12CF83C-31E2-492B-98CF-D4F450541B20}.Release|iPhoneSimulator.ActiveCfg = Release|iPhoneSimulator
		{F12CF83C-31E2-492B-98CF-D4F450541B20}.Release|iPhoneSimulator.Build.0 = Release|iPhoneSimulator
		{F12CF83C-31E2-492B-98CF-D4F450541B20}.Release|iPhoneSimulator.Deploy.0 = Release|iPhoneSimulator
		{F12CF83C-31E2-492B-98CF-D4F450541B20}.Release|x64.ActiveCfg = Release|iPhone
		{F12CF83C-31E2-492B-98CF-D4F450541B20}.Release|x64.Build.0 = Release|iPhone
		{F12CF83C-31E2-492B-98CF-D4F450541B20}.Release|x64.Deploy.0 = Release|iPhone
		{F12CF83C-31E2-492B-98CF-D4F450541B20}.Release|x86.ActiveCfg = Release|iPhone
		{F12CF83C-31E2-492B-98CF-D4F450541B20}.Release|x86.Build.0 = Release|iPhone
		{F12CF83C-31E2-492B-98CF-D4F450541B20}.Release|x86.Deploy.0 = Release|iPhone
		{16F22DD5-200D-4F57-A3A7-F115A5BDB44E}.Debug|Any CPU.ActiveCfg = Debug|Any CPU
		{16F22DD5-200D-4F57-A3A7-F115A5BDB44E}.Debug|Any CPU.Build.0 = Debug|Any CPU
		{16F22DD5-200D-4F57-A3A7-F115A5BDB44E}.Debug|Any CPU.Deploy.0 = Debug|Any CPU
		{16F22DD5-200D-4F57-A3A7-F115A5BDB44E}.Debug|ARM.ActiveCfg = Debug|Any CPU
		{16F22DD5-200D-4F57-A3A7-F115A5BDB44E}.Debug|ARM.Build.0 = Debug|Any CPU
		{16F22DD5-200D-4F57-A3A7-F115A5BDB44E}.Debug|ARM.Deploy.0 = Debug|Any CPU
		{16F22DD5-200D-4F57-A3A7-F115A5BDB44E}.Debug|iPhone.ActiveCfg = Debug|Any CPU
		{16F22DD5-200D-4F57-A3A7-F115A5BDB44E}.Debug|iPhone.Build.0 = Debug|Any CPU
		{16F22DD5-200D-4F57-A3A7-F115A5BDB44E}.Debug|iPhone.Deploy.0 = Debug|Any CPU
		{16F22DD5-200D-4F57-A3A7-F115A5BDB44E}.Debug|iPhoneSimulator.ActiveCfg = Debug|Any CPU
		{16F22DD5-200D-4F57-A3A7-F115A5BDB44E}.Debug|iPhoneSimulator.Build.0 = Debug|Any CPU
		{16F22DD5-200D-4F57-A3A7-F115A5BDB44E}.Debug|iPhoneSimulator.Deploy.0 = Debug|Any CPU
		{16F22DD5-200D-4F57-A3A7-F115A5BDB44E}.Debug|x64.ActiveCfg = Debug|Any CPU
		{16F22DD5-200D-4F57-A3A7-F115A5BDB44E}.Debug|x64.Build.0 = Debug|Any CPU
		{16F22DD5-200D-4F57-A3A7-F115A5BDB44E}.Debug|x64.Deploy.0 = Debug|Any CPU
		{16F22DD5-200D-4F57-A3A7-F115A5BDB44E}.Debug|x86.ActiveCfg = Debug|Any CPU
		{16F22DD5-200D-4F57-A3A7-F115A5BDB44E}.Debug|x86.Build.0 = Debug|Any CPU
		{16F22DD5-200D-4F57-A3A7-F115A5BDB44E}.Debug|x86.Deploy.0 = Debug|Any CPU
		{16F22DD5-200D-4F57-A3A7-F115A5BDB44E}.Release|Any CPU.ActiveCfg = Release|Any CPU
		{16F22DD5-200D-4F57-A3A7-F115A5BDB44E}.Release|Any CPU.Build.0 = Release|Any CPU
		{16F22DD5-200D-4F57-A3A7-F115A5BDB44E}.Release|Any CPU.Deploy.0 = Release|Any CPU
		{16F22DD5-200D-4F57-A3A7-F115A5BDB44E}.Release|ARM.ActiveCfg = Release|Any CPU
		{16F22DD5-200D-4F57-A3A7-F115A5BDB44E}.Release|ARM.Build.0 = Release|Any CPU
		{16F22DD5-200D-4F57-A3A7-F115A5BDB44E}.Release|ARM.Deploy.0 = Release|Any CPU
		{16F22DD5-200D-4F57-A3A7-F115A5BDB44E}.Release|iPhone.ActiveCfg = Release|Any CPU
		{16F22DD5-200D-4F57-A3A7-F115A5BDB44E}.Release|iPhone.Build.0 = Release|Any CPU
		{16F22DD5-200D-4F57-A3A7-F115A5BDB44E}.Release|iPhone.Deploy.0 = Release|Any CPU
		{16F22DD5-200D-4F57-A3A7-F115A5BDB44E}.Release|iPhoneSimulator.ActiveCfg = Release|Any CPU
		{16F22DD5-200D-4F57-A3A7-F115A5BDB44E}.Release|iPhoneSimulator.Build.0 = Release|Any CPU
		{16F22DD5-200D-4F57-A3A7-F115A5BDB44E}.Release|iPhoneSimulator.Deploy.0 = Release|Any CPU
		{16F22DD5-200D-4F57-A3A7-F115A5BDB44E}.Release|x64.ActiveCfg = Release|Any CPU
		{16F22DD5-200D-4F57-A3A7-F115A5BDB44E}.Release|x64.Build.0 = Release|Any CPU
		{16F22DD5-200D-4F57-A3A7-F115A5BDB44E}.Release|x64.Deploy.0 = Release|Any CPU
		{16F22DD5-200D-4F57-A3A7-F115A5BDB44E}.Release|x86.ActiveCfg = Release|Any CPU
		{16F22DD5-200D-4F57-A3A7-F115A5BDB44E}.Release|x86.Build.0 = Release|Any CPU
		{16F22DD5-200D-4F57-A3A7-F115A5BDB44E}.Release|x86.Deploy.0 = Release|Any CPU
	EndGlobalSection
	GlobalSection(SolutionProperties) = preSolution
		HideSolutionNode = FALSE
	EndGlobalSection
	GlobalSection(ExtensibilityGlobals) = postSolution
		SolutionGuid = {ED7B448A-4038-4C19-8FE0-13D3CEE5B63D}
	EndGlobalSection
EndGlobal
